PODS:
  - FBSnapshotTestCase (2.1.4):
    - FBSnapshotTestCase/SwiftSupport (= 2.1.4)
  - FBSnapshotTestCase/Core (2.1.4)
  - FBSnapshotTestCase/SwiftSupport (2.1.4):
    - FBSnapshotTestCase/Core
  - ZXX_Pod_xxz (0.1.0)

DEPENDENCIES:
  - FBSnapshotTestCase
  - ZXX_Pod_xxz (from `../`)

SPEC REPOS:
  trunk:
    - FBSnapshotTestCase

EXTERNAL SOURCES:
  ZXX_Pod_xxz:
    :path: "../"

SPEC CHECKSUMS:
  FBSnapshotTestCase: 094f9f314decbabe373b87cc339bea235a63e07a
  ZXX_Pod_xxz: 1b581b1285d9152c8354270c0df103de71d4c75c

PODFILE CHECKSUM: d3f260f3776318d98565d1b5171b691e50187553

COCOAPODS: 1.11.2
